// !$*UTF8*$!
{
	archiveVersion = 1;
	classes = {
	};
	objectVersion = 46;
	objects = {

/* Begin PBXBuildFile section */
		3F4295F918D91E5F00B5DA1F /* Foundation.framework in Frameworks */ = {isa = PBXBuildFile; fileRef = 3F4295F818D91E5F00B5DA1F /* Foundation.framework */; };
		3F4295FB18D91E5F00B5DA1F /* CoreGraphics.framework in Frameworks */ = {isa = PBXBuildFile; fileRef = 3F4295FA18D91E5F00B5DA1F /* CoreGraphics.framework */; };
		3F4295FD18D91E5F00B5DA1F /* UIKit.framework in Frameworks */ = {isa = PBXBuildFile; fileRef = 3F4295FC18D91E5F00B5DA1F /* UIKit.framework */; };
		3F42960318D91E5F00B5DA1F /* InfoPlist.strings in Resources */ = {isa = PBXBuildFile; fileRef = 3F42960118D91E5F00B5DA1F /* InfoPlist.strings */; };
		3F42960518D91E5F00B5DA1F /* main.m in Sources */ = {isa = PBXBuildFile; fileRef = 3F42960418D91E5F00B5DA1F /* main.m */; };
		3F42960918D91E5F00B5DA1F /* AppDelegate.m in Sources */ = {isa = PBXBuildFile; fileRef = 3F42960818D91E5F00B5DA1F /* AppDelegate.m */; };
		3F42960C18D91E5F00B5DA1F /* Main.storyboard in Resources */ = {isa = PBXBuildFile; fileRef = 3F42960A18D91E5F00B5DA1F /* Main.storyboard */; };
		3F42960F18D91E5F00B5DA1F /* FirstViewController.m in Sources */ = {isa = PBXBuildFile; fileRef = 3F42960E18D91E5F00B5DA1F /* FirstViewController.m */; };
		3F42961218D91E5F00B5DA1F /* SecondViewController.m in Sources */ = {isa = PBXBuildFile; fileRef = 3F42961118D91E5F00B5DA1F /* SecondViewController.m */; };
		3F42961418D91E5F00B5DA1F /* Images.xcassets in Resources */ = {isa = PBXBuildFile; fileRef = 3F42961318D91E5F00B5DA1F /* Images.xcassets */; };
		3F42961B18D91E5F00B5DA1F /* XCTest.framework in Frameworks */ = {isa = PBXBuildFile; fileRef = 3F42961A18D91E5F00B5DA1F /* XCTest.framework */; };
		3F42961C18D91E5F00B5DA1F /* Foundation.framework in Frameworks */ = {isa = PBXBuildFile; fileRef = 3F4295F818D91E5F00B5DA1F /* Foundation.framework */; };
		3F42961D18D91E5F00B5DA1F /* UIKit.framework in Frameworks */ = {isa = PBXBuildFile; fileRef = 3F4295FC18D91E5F00B5DA1F /* UIKit.framework */; };
		3F42962518D91E5F00B5DA1F /* InfoPlist.strings in Resources */ = {isa = PBXBuildFile; fileRef = 3F42962318D91E5F00B5DA1F /* InfoPlist.strings */; };
		3F42962718D91E5F00B5DA1F /* Switch_MistakeTests.m in Sources */ = {isa = PBXBuildFile; fileRef = 3F42962618D91E5F00B5DA1F /* Switch_MistakeTests.m */; };
/* End PBXBuildFile section */

/* Begin PBXContainerItemProxy section */
		3F42961E18D91E5F00B5DA1F /* PBXContainerItemProxy */ = {
			isa = PBXContainerItemProxy;
			containerPortal = 3F4295ED18D91E5E00B5DA1F /* Project object */;
			proxyType = 1;
			remoteGlobalIDString = 3F4295F418D91E5E00B5DA1F;
			remoteInfo = "Switch Mistake";
		};
/* End PBXContainerItemProxy section */

/* Begin PBXFileReference section */
		3F4295F518D91E5F00B5DA1F /* Switch Mistake.app */ = {isa = PBXFileReference; explicitFileType = wrapper.application; includeInIndex = 0; path = "Switch Mistake.app"; sourceTree = BUILT_PRODUCTS_DIR; };
		3F4295F818D91E5F00B5DA1F /* Foundation.framework */ = {isa = PBXFileReference; lastKnownFileType = wrapper.framework; name = Foundation.framework; path = System/Library/Frameworks/Foundation.framework; sourceTree = SDKROOT; };
		3F4295FA18D91E5F00B5DA1F /* CoreGraphics.framework */ = {isa = PBXFileReference; lastKnownFileType = wrapper.framework; name = CoreGraphics.framework; path = System/Library/Frameworks/CoreGraphics.framework; sourceTree = SDKROOT; };
		3F4295FC18D91E5F00B5DA1F /* UIKit.framework */ = {isa = PBXFileReference; lastKnownFileType = wrapper.framework; name = UIKit.framework; path = System/Library/Frameworks/UIKit.framework; sourceTree = SDKROOT; };
		3F42960018D91E5F00B5DA1F /* Switch Mistake-Info.plist */ = {isa = PBXFileReference; lastKnownFileType = text.plist.xml; path = "Switch Mistake-Info.plist"; sourceTree = "<group>"; };
		3F42960218D91E5F00B5DA1F /* en */ = {isa = PBXFileReference; lastKnownFileType = text.plist.strings; name = en; path = en.lproj/InfoPlist.strings; sourceTree = "<group>"; };
		3F42960418D91E5F00B5DA1F /* main.m */ = {isa = PBXFileReference; lastKnownFileType = sourcecode.c.objc; path = main.m; sourceTree = "<group>"; };
		3F42960618D91E5F00B5DA1F /* Switch Mistake-Prefix.pch */ = {isa = PBXFileReference; lastKnownFileType = sourcecode.c.h; path = "Switch Mistake-Prefix.pch"; sourceTree = "<group>"; };
		3F42960718D91E5F00B5DA1F /* AppDelegate.h */ = {isa = PBXFileReference; lastKnownFileType = sourcecode.c.h; path = AppDelegate.h; sourceTree = "<group>"; };
		3F42960818D91E5F00B5DA1F /* AppDelegate.m */ = {isa = PBXFileReference; lastKnownFileType = sourcecode.c.objc; path = AppDelegate.m; sourceTree = "<group>"; };
		3F42960B18D91E5F00B5DA1F /* Base */ = {isa = PBXFileReference; lastKnownFileType = file.storyboard; name = Base; path = Base.lproj/Main.storyboard; sourceTree = "<group>"; };
		3F42960D18D91E5F00B5DA1F /* FirstViewController.h */ = {isa = PBXFileReference; lastKnownFileType = sourcecode.c.h; path = FirstViewController.h; sourceTree = "<group>"; };
		3F42960E18D91E5F00B5DA1F /* FirstViewController.m */ = {isa = PBXFileReference; lastKnownFileType = sourcecode.c.objc; path = FirstViewController.m; sourceTree = "<group>"; };
		3F42961018D91E5F00B5DA1F /* SecondViewController.h */ = {isa = PBXFileReference; lastKnownFileType = sourcecode.c.h; path = SecondViewController.h; sourceTree = "<group>"; };
		3F42961118D91E5F00B5DA1F /* SecondViewController.m */ = {isa = PBXFileReference; lastKnownFileType = sourcecode.c.objc; path = SecondViewController.m; sourceTree = "<group>"; };
		3F42961318D91E5F00B5DA1F /* Images.xcassets */ = {isa = PBXFileReference; lastKnownFileType = folder.assetcatalog; path = Images.xcassets; sourceTree = "<group>"; };
		3F42961918D91E5F00B5DA1F /* Switch MistakeTests.xctest */ = {isa = PBXFileReference; explicitFileType = wrapper.cfbundle; includeInIndex = 0; path = "Switch MistakeTests.xctest"; sourceTree = BUILT_PRODUCTS_DIR; };
		3F42961A18D91E5F00B5DA1F /* XCTest.framework */ = {isa = PBXFileReference; lastKnownFileType = wrapper.framework; name = XCTest.framework; path = Library/Frameworks/XCTest.framework; sourceTree = DEVELOPER_DIR; };
		3F42962218D91E5F00B5DA1F /* Switch MistakeTests-Info.plist */ = {isa = PBXFileReference; lastKnownFileType = text.plist.xml; path = "Switch MistakeTests-Info.plist"; sourceTree = "<group>"; };
		3F42962418D91E5F00B5DA1F /* en */ = {isa = PBXFileReference; lastKnownFileType = text.plist.strings; name = en; path = en.lproj/InfoPlist.strings; sourceTree = "<group>"; };
		3F42962618D91E5F00B5DA1F /* Switch_MistakeTests.m */ = {isa = PBXFileReference; lastKnownFileType = sourcecode.c.objc; path = Switch_MistakeTests.m; sourceTree = "<group>"; };
/* End PBXFileReference section */

/* Begin PBXFrameworksBuildPhase section */
		3F4295F218D91E5E00B5DA1F /* Frameworks */ = {
			isa = PBXFrameworksBuildPhase;
			buildActionMask = 2147483647;
			files = (
				3F4295FB18D91E5F00B5DA1F /* CoreGraphics.framework in Frameworks */,
				3F4295FD18D91E5F00B5DA1F /* UIKit.framework in Frameworks */,
				3F4295F918D91E5F00B5DA1F /* Foundation.framework in Frameworks */,
			);
			runOnlyForDeploymentPostprocessing = 0;
		};
		3F42961618D91E5F00B5DA1F /* Frameworks */ = {
			isa = PBXFrameworksBuildPhase;
			buildActionMask = 2147483647;
			files = (
				3F42961B18D91E5F00B5DA1F /* XCTest.framework in Frameworks */,
				3F42961D18D91E5F00B5DA1F /* UIKit.framework in Frameworks */,
				3F42961C18D91E5F00B5DA1F /* Foundation.framework in Frameworks */,
			);
			runOnlyForDeploymentPostprocessing = 0;
		};
/* End PBXFrameworksBuildPhase section */

/* Begin PBXGroup section */
		3F4295EC18D91E5E00B5DA1F = {
			isa = PBXGroup;
			children = (
				3F4295FE18D91E5F00B5DA1F /* Switch Mistake */,
				3F42962018D91E5F00B5DA1F /* Switch MistakeTests */,
				3F4295F718D91E5F00B5DA1F /* Frameworks */,
				3F4295F618D91E5F00B5DA1F /* Products */,
			);
			sourceTree = "<group>";
		};
		3F4295F618D91E5F00B5DA1F /* Products */ = {
			isa = PBXGroup;
			children = (
				3F4295F518D91E5F00B5DA1F /* Switch Mistake.app */,
				3F42961918D91E5F00B5DA1F /* Switch MistakeTests.xctest */,
			);
			name = Products;
			sourceTree = "<group>";
		};
		3F4295F718D91E5F00B5DA1F /* Frameworks */ = {
			isa = PBXGroup;
			children = (
				3F4295F818D91E5F00B5DA1F /* Foundation.framework */,
				3F4295FA18D91E5F00B5DA1F /* CoreGraphics.framework */,
				3F4295FC18D91E5F00B5DA1F /* UIKit.framework */,
				3F42961A18D91E5F00B5DA1F /* XCTest.framework */,
			);
			name = Frameworks;
			sourceTree = "<group>";
		};
		3F4295FE18D91E5F00B5DA1F /* Switch Mistake */ = {
			isa = PBXGroup;
			children = (
				3F42960718D91E5F00B5DA1F /* AppDelegate.h */,
				3F42960818D91E5F00B5DA1F /* AppDelegate.m */,
				3F42960A18D91E5F00B5DA1F /* Main.storyboard */,
				3F42960D18D91E5F00B5DA1F /* FirstViewController.h */,
				3F42960E18D91E5F00B5DA1F /* FirstViewController.m */,
				3F42961018D91E5F00B5DA1F /* SecondViewController.h */,
				3F42961118D91E5F00B5DA1F /* SecondViewController.m */,
				3F42961318D91E5F00B5DA1F /* Images.xcassets */,
				3F4295FF18D91E5F00B5DA1F /* Supporting Files */,
			);
			path = "Switch Mistake";
			sourceTree = "<group>";
		};
		3F4295FF18D91E5F00B5DA1F /* Supporting Files */ = {
			isa = PBXGroup;
			children = (
				3F42960018D91E5F00B5DA1F /* Switch Mistake-Info.plist */,
				3F42960118D91E5F00B5DA1F /* InfoPlist.strings */,
				3F42960418D91E5F00B5DA1F /* main.m */,
				3F42960618D91E5F00B5DA1F /* Switch Mistake-Prefix.pch */,
			);
			name = "Supporting Files";
			sourceTree = "<group>";
		};
		3F42962018D91E5F00B5DA1F /* Switch MistakeTests */ = {
			isa = PBXGroup;
			children = (
				3F42962618D91E5F00B5DA1F /* Switch_MistakeTests.m */,
				3F42962118D91E5F00B5DA1F /* Supporting Files */,
			);
			path = "Switch MistakeTests";
			sourceTree = "<group>";
		};
		3F42962118D91E5F00B5DA1F /* Supporting Files */ = {
			isa = PBXGroup;
			children = (
				3F42962218D91E5F00B5DA1F /* Switch MistakeTests-Info.plist */,
				3F42962318D91E5F00B5DA1F /* InfoPlist.strings */,
			);
			name = "Supporting Files";
			sourceTree = "<group>";
		};
/* End PBXGroup section */

/* Begin PBXNativeTarget section */
		3F4295F418D91E5E00B5DA1F /* Switch Mistake */ = {
			isa = PBXNativeTarget;
			buildConfigurationList = 3F42962A18D91E5F00B5DA1F /* Build configuration list for PBXNativeTarget "Switch Mistake" */;
			buildPhases = (
				3F4295F118D91E5E00B5DA1F /* Sources */,
				3F4295F218D91E5E00B5DA1F /* Frameworks */,
				3F4295F318D91E5E00B5DA1F /* Resources */,
			);
			buildRules = (
			);
			dependencies = (
			);
			name = "Switch Mistake";
			productName = "Switch Mistake";
			productReference = 3F4295F518D91E5F00B5DA1F /* Switch Mistake.app */;
			productType = "com.apple.product-type.application";
		};
		3F42961818D91E5F00B5DA1F /* Switch MistakeTests */ = {
			isa = PBXNativeTarget;
			buildConfigurationList = 3F42962D18D91E5F00B5DA1F /* Build configuration list for PBXNativeTarget "Switch MistakeTests" */;
			buildPhases = (
				3F42961518D91E5F00B5DA1F /* Sources */,
				3F42961618D91E5F00B5DA1F /* Frameworks */,
				3F42961718D91E5F00B5DA1F /* Resources */,
			);
			buildRules = (
			);
			dependencies = (
				3F42961F18D91E5F00B5DA1F /* PBXTargetDependency */,
			);
			name = "Switch MistakeTests";
			productName = "Switch MistakeTests";
			productReference = 3F42961918D91E5F00B5DA1F /* Switch MistakeTests.xctest */;
			productType = "com.apple.product-type.bundle.unit-test";
		};
/* End PBXNativeTarget section */

/* Begin PBXProject section */
		3F4295ED18D91E5E00B5DA1F /* Project object */ = {
			isa = PBXProject;
			attributes = {
				LastUpgradeCheck = 0510;
				ORGANIZATIONNAME = "Jeremy Jones";
				TargetAttributes = {
					3F42961818D91E5F00B5DA1F = {
						TestTargetID = 3F4295F418D91E5E00B5DA1F;
					};
				};
			};
			buildConfigurationList = 3F4295F018D91E5E00B5DA1F /* Build configuration list for PBXProject "Switch Mistake" */;
			compatibilityVersion = "Xcode 3.2";
			developmentRegion = English;
			hasScannedForEncodings = 0;
			knownRegions = (
				en,
				Base,
			);
			mainGroup = 3F4295EC18D91E5E00B5DA1F;
			productRefGroup = 3F4295F618D91E5F00B5DA1F /* Products */;
			projectDirPath = "";
			projectRoot = "";
			targets = (
				3F4295F418D91E5E00B5DA1F /* Switch Mistake */,
				3F42961818D91E5F00B5DA1F /* Switch MistakeTests */,
			);
		};
/* End PBXProject section */

/* Begin PBXResourcesBuildPhase section */
		3F4295F318D91E5E00B5DA1F /* Resources */ = {
			isa = PBXResourcesBuildPhase;
			buildActionMask = 2147483647;
			files = (
				3F42961418D91E5F00B5DA1F /* Images.xcassets in Resources */,
				3F42960318D91E5F00B5DA1F /* InfoPlist.strings in Resources */,
				3F42960C18D91E5F00B5DA1F /* Main.storyboard in Resources */,
			);
			runOnlyForDeploymentPostprocessing = 0;
		};
		3F42961718D91E5F00B5DA1F /* Resources */ = {
			isa = PBXResourcesBuildPhase;
			buildActionMask = 2147483647;
			files = (
				3F42962518D91E5F00B5DA1F /* InfoPlist.strings in Resources */,
			);
			runOnlyForDeploymentPostprocessing = 0;
		};
/* End PBXResourcesBuildPhase section */

/* Begin PBXSourcesBuildPhase section */
		3F4295F118D91E5E00B5DA1F /* Sources */ = {
			isa = PBXSourcesBuildPhase;
			buildActionMask = 2147483647;
			files = (
				3F42961218D91E5F00B5DA1F /* SecondViewController.m in Sources */,
				3F42960918D91E5F00B5DA1F /* AppDelegate.m in Sources */,
				3F42960F18D91E5F00B5DA1F /* FirstViewController.m in Sources */,
				3F42960518D91E5F00B5DA1F /* main.m in Sources */,
			);
			runOnlyForDeploymentPostprocessing = 0;
		};
		3F42961518D91E5F00B5DA1F /* Sources */ = {
			isa = PBXSourcesBuildPhase;
			buildActionMask = 2147483647;
			files = (
				3F42962718D91E5F00B5DA1F /* Switch_MistakeTests.m in Sources */,
			);
			runOnlyForDeploymentPostprocessing = 0;
		};
/* End PBXSourcesBuildPhase section */

/* Begin PBXTargetDependency section */
		3F42961F18D91E5F00B5DA1F /* PBXTargetDependency */ = {
			isa = PBXTargetDependency;
			target = 3F4295F418D91E5E00B5DA1F /* Switch Mistake */;
			targetProxy = 3F42961E18D91E5F00B5DA1F /* PBXContainerItemProxy */;
		};
/* End PBXTargetDependency section */

/* Begin PBXVariantGroup section */
		3F42960118D91E5F00B5DA1F /* InfoPlist.strings */ = {
			isa = PBXVariantGroup;
			children = (
				3F42960218D91E5F00B5DA1F /* en */,
			);
			name = InfoPlist.strings;
			sourceTree = "<group>";
		};
		3F42960A18D91E5F00B5DA1F /* Main.storyboard */ = {
			isa = PBXVariantGroup;
			children = (
				3F42960B18D91E5F00B5DA1F /* Base */,
			);
			name = Main.storyboard;
			sourceTree = "<group>";
		};
		3F42962318D91E5F00B5DA1F /* InfoPlist.strings */ = {
			isa = PBXVariantGroup;
			children = (
				3F42962418D91E5F00B5DA1F /* en */,
			);
			name = InfoPlist.strings;
			sourceTree = "<group>";
		};
/* End PBXVariantGroup section */

/* Begin XCBuildConfiguration section */
		3F42962818D91E5F00B5DA1F /* Debug */ = {
			isa = XCBuildConfiguration;
			buildSettings = {
				ALWAYS_SEARCH_USER_PATHS = NO;
				CLANG_CXX_LANGUAGE_STANDARD = "gnu++0x";
				CLANG_CXX_LIBRARY = "libc++";
				CLANG_ENABLE_MODULES = YES;
				CLANG_ENABLE_OBJC_ARC = YES;
				CLANG_WARN_BOOL_CONVERSION = YES;
				CLANG_WARN_CONSTANT_CONVERSION = YES;
				CLANG_WARN_DIRECT_OBJC_ISA_USAGE = YES_ERROR;
				CLANG_WARN_EMPTY_BODY = YES;
				CLANG_WARN_ENUM_CONVERSION = YES;
				CLANG_WARN_INT_CONVERSION = YES;
				CLANG_WARN_OBJC_ROOT_CLASS = YES_ERROR;
				CLANG_WARN__DUPLICATE_METHOD_MATCH = YES;
				"CODE_SIGN_IDENTITY[sdk=iphoneos*]" = "iPhone Developer";
				COPY_PHASE_STRIP = NO;
				GCC_C_LANGUAGE_STANDARD = gnu99;
				GCC_DYNAMIC_NO_PIC = NO;
				GCC_OPTIMIZATION_LEVEL = 0;
				GCC_PREPROCESSOR_DEFINITIONS = (
					"DEBUG=1",
					"$(inherited)",
				);
				GCC_SYMBOLS_PRIVATE_EXTERN = NO;
				GCC_WARN_64_TO_32_BIT_CONVERSION = YES;
				GCC_WARN_ABOUT_RETURN_TYPE = YES_ERROR;
				GCC_WARN_UNDECLARED_SELECTOR = YES;
				GCC_WARN_UNINITIALIZED_AUTOS = YES_AGGRESSIVE;
				GCC_WARN_UNUSED_FUNCTION = YES;
				GCC_WARN_UNUSED_VARIABLE = YES;
				IPHONEOS_DEPLOYMENT_TARGET = 7.1;
				ONLY_ACTIVE_ARCH = YES;
				SDKROOT = iphoneos;
			};
			name = Debug;
		};
		3F42962918D91E5F00B5DA1F /* Release */ = {
			isa = XCBuildConfiguration;
			buildSettings = {
				ALWAYS_SEARCH_USER_PATHS = NO;
				CLANG_CXX_LANGUAGE_STANDARD = "gnu++0x";
				CLANG_CXX_LIBRARY = "libc++";
				CLANG_ENABLE_MODULES = YES;
				CLANG_ENABLE_OBJC_ARC = YES;
				CLANG_WARN_BOOL_CONVERSION = YES;
				CLANG_WARN_CONSTANT_CONVERSION = YES;
				CLANG_WARN_DIRECT_OBJC_ISA_USAGE = YES_ERROR;
				CLANG_WARN_EMPTY_BODY = YES;
				CLANG_WARN_ENUM_CONVERSION = YES;
				CLANG_WARN_INT_CONVERSION = YES;
				CLANG_WARN_OBJC_ROOT_CLASS = YES_ERROR;
				CLANG_WARN__DUPLICATE_METHOD_MATCH = YES;
				"CODE_SIGN_IDENTITY[sdk=iphoneos*]" = "iPhone Developer";
				COPY_PHASE_STRIP = YES;
				ENABLE_NS_ASSERTIONS = NO;
				GCC_C_LANGUAGE_STANDARD = gnu99;
				GCC_WARN_64_TO_32_BIT_CONVERSION = YES;
				GCC_WARN_ABOUT_RETURN_TYPE = YES_ERROR;
				GCC_WARN_UNDECLARED_SELECTOR = YES;
				GCC_WARN_UNINITIALIZED_AUTOS = YES_AGGRESSIVE;
				GCC_WARN_UNUSED_FUNCTION = YES;
				GCC_WARN_UNUSED_VARIABLE = YES;
				IPHONEOS_DEPLOYMENT_TARGET = 7.1;
				SDKROOT = iphoneos;
				VALIDATE_PRODUCT = YES;
			};
			name = Release;
		};
		3F42962B18D91E5F00B5DA1F /* Debug */ = {
			isa = XCBuildConfiguration;
			buildSettings = {
				ASSETCATALOG_COMPILER_APPICON_NAME = AppIcon;
				ASSETCATALOG_COMPILER_LAUNCHIMAGE_NAME = LaunchImage;
				GCC_PRECOMPILE_PREFIX_HEADER = YES;
				GCC_PREFIX_HEADER = "Switch Mistake/Switch Mistake-Prefix.pch";
				INFOPLIST_FILE = "Switch Mistake/Switch Mistake-Info.plist";
				PRODUCT_NAME = "$(TARGET_NAME)";
				WRAPPER_EXTENSION = app;
			};
			name = Debug;
		};
		3F42962C18D91E5F00B5DA1F /* Release */ = {
			isa = XCBuildConfiguration;
			buildSettings = {
				ASSETCATALOG_COMPILER_APPICON_NAME = AppIcon;
				ASSETCATALOG_COMPILER_LAUNCHIMAGE_NAME = LaunchImage;
				GCC_PRECOMPILE_PREFIX_HEADER = YES;
				GCC_PREFIX_HEADER = "Switch Mistake/Switch Mistake-Prefix.pch";
				INFOPLIST_FILE = "Switch Mistake/Switch Mistake-Info.plist";
				PRODUCT_NAME = "$(TARGET_NAME)";
				WRAPPER_EXTENSION = app;
			};
			name = Release;
		};
		3F42962E18D91E5F00B5DA1F /* Debug */ = {
			isa = XCBuildConfiguration;
			buildSettings = {
				BUNDLE_LOADER = "$(BUILT_PRODUCTS_DIR)/Switch Mistake.app/Switch Mistake";
				FRAMEWORK_SEARCH_PATHS = (
					"$(SDKROOT)/Developer/Library/Frameworks",
					"$(inherited)",
					"$(DEVELOPER_FRAMEWORKS_DIR)",
				);
				GCC_PRECOMPILE_PREFIX_HEADER = YES;
				GCC_PREFIX_HEADER = "Switch Mistake/Switch Mistake-Prefix.pch";
				GCC_PREPROCESSOR_DEFINITIONS = (
					"DEBUG=1",
					"$(inherited)",
				);
				INFOPLIST_FILE = "Switch MistakeTests/Switch MistakeTests-Info.plist";
				PRODUCT_NAME = "$(TARGET_NAME)";
				TEST_HOST = "$(BUNDLE_LOADER)";
				WRAPPER_EXTENSION = xctest;
			};
			name = Debug;
		};
		3F42962F18D91E5F00B5DA1F /* Release */ = {
			isa = XCBuildConfiguration;
			buildSettings = {
				BUNDLE_LOADER = "$(BUILT_PRODUCTS_DIR)/Switch Mistake.app/Switch Mistake";
				FRAMEWORK_SEARCH_PATHS = (
					"$(SDKROOT)/Developer/Library/Frameworks",
					"$(inherited)",
					"$(DEVELOPER_FRAMEWORKS_DIR)",
				);
				GCC_PRECOMPILE_PREFIX_HEADER = YES;
				GCC_PREFIX_HEADER = "Switch Mistake/Switch Mistake-Prefix.pch";
				INFOPLIST_FILE = "Switch MistakeTests/Switch MistakeTests-Info.plist";
				PRODUCT_NAME = "$(TARGET_NAME)";
				TEST_HOST = "$(BUNDLE_LOADER)";
				WRAPPER_EXTENSION = xctest;
			};
			name = Release;
		};
/* End XCBuildConfiguration section */

/* Begin XCConfigurationList section */
		3F4295F018D91E5E00B5DA1F /* Build configuration list for PBXProject "Switch Mistake" */ = {
			isa = XCConfigurationList;
			buildConfigurations = (
				3F42962818D91E5F00B5DA1F /* Debug */,
				3F42962918D91E5F00B5DA1F /* Release */,
			);
			defaultConfigurationIsVisible = 0;
			defaultConfigurationName = Release;
		};
		3F42962A18D91E5F00B5DA1F /* Build configuration list for PBXNativeTarget "Switch Mistake" */ = {
			isa = XCConfigurationList;
			buildConfigurations = (
				3F42962B18D91E5F00B5DA1F /* Debug */,
				3F42962C18D91E5F00B5DA1F /* Release */,
			);
			defaultConfigurationIsVisible = 0;
		};
		3F42962D18D91E5F00B5DA1F /* Build configuration list for PBXNativeTarget "Switch MistakeTests" */ = {
			isa = XCConfigurationList;
			buildConfigurations = (
				3F42962E18D91E5F00B5DA1F /* Debug */,
				3F42962F18D91E5F00B5DA1F /* Release */,
			);
			defaultConfigurationIsVisible = 0;
		};
/* End XCConfigurationList section */
	};
	rootObject = 3F4295ED18D91E5E00B5DA1F /* Project object */;
}
